
Microsoft Visual Studio Solution File, Format Version 12.00
# Visual Studio Version 16
VisualStudioVersion = 16.0.29411.108
MinimumVisualStudioVersion = 10.0.40219.1
Project("{FAE04EC0-301F-11D3-BF4B-00C04F79EFBC}") = "Lab 23", "Lab 23\Lab 23.csproj", "{F654E0B7-875D-4B63-90A6-92C4DAF8B4D7}"
EndProject
Global
	GlobalSection(SolutionConfigurationPlatforms) = preSolution
		Debug|Any CPU = Debug|Any CPU
		Release|Any CPU = Release|Any CPU
	EndGlobalSection
	GlobalSection(ProjectConfigurationPlatforms) = postSolution
		{F654E0B7-875D-4B63-90A6-92C4DAF8B4D7}.Debug|Any CPU.ActiveCfg = Debug|Any CPU
		{F654E0B7-875D-4B63-90A6-92C4DAF8B4D7}.Debug|Any CPU.Build.0 = Debug|Any CPU
		{F654E0B7-875D-4B63-90A6-92C4DAF8B4D7}.Release|Any CPU.ActiveCfg = Release|Any CPU
		{F654E0B7-875D-4B63-90A6-92C4DAF8B4D7}.Release|Any CPU.Build.0 = Release|Any CPU
	EndGlobalSection
	GlobalSection(SolutionProperties) = preSolution
		HideSolutionNode = FALSE
	EndGlobalSection
	GlobalSection(ExtensibilityGlobals) = postSolution
		SolutionGuid = {E47AFA30-E46D-448A-B3EB-9E26C2C5493C}
	EndGlobalSection
EndGlobal
